{
  "name": "Course",
  "lockfileVersion": 2,
  "requires": true,
  "packages": {
    "": {
      "dependencies": {
        "simplified-javascript": "^1.0.2",
        "ultrax": "^1.0.5"
      }
    },
    "node_modules/simplified-javascript": {
      "version": "1.0.2",
      "resolved": "https://registry.npmjs.org/simplified-javascript/-/simplified-javascript-1.0.2.tgz",
      "integrity": "sha512-WEz3ab4xRljVeQd3Gm23TzPjfYUWq3cE4fAbYS7U+/vtJ2vT4i8mAeaH9BO9yy8Vx7xMraHAtaunbJfW9ebN/w=="
    },
    "node_modules/ultrax": {
      "version": "1.0.5",
      "resolved": "https://registry.npmjs.org/ultrax/-/ultrax-1.0.5.tgz",
      "integrity": "sha512-3cPB+Kq2cXgK5MjBC9yqQiLtIyro+nqckCEJ2ECIqwaC5A4N2djj06pr2UcDtjs0UkkGD/GKXqgKbwSLZ/yFhQ=="
    }
  },
  "dependencies": {
    "simplified-javascript": {
      "version": "1.0.2",
      "resolved": "https://registry.npmjs.org/simplified-javascript/-/simplified-javascript-1.0.2.tgz",
      "integrity": "sha512-WEz3ab4xRljVeQd3Gm23TzPjfYUWq3cE4fAbYS7U+/vtJ2vT4i8mAeaH9BO9yy8Vx7xMraHAtaunbJfW9ebN/w=="
    },
    "ultrax": {
      "version": "1.0.5",
      "resolved": "https://registry.npmjs.org/ultrax/-/ultrax-1.0.5.tgz",
      "integrity": "sha512-3cPB+Kq2cXgK5MjBC9yqQiLtIyro+nqckCEJ2ECIqwaC5A4N2djj06pr2UcDtjs0UkkGD/GKXqgKbwSLZ/yFhQ=="
    }
  }
}
